
Microsoft Visual Studio Solution File, Format Version 12.00
# Visual Studio 15
VisualStudioVersion = 15.0.27703.2018
MinimumVisualStudioVersion = 10.0.40219.1
Project("{FAE04EC0-301F-11D3-BF4B-00C04F79EFBC}") = "azure-eventhub", "azure-eventhub\azure-eventhub.csproj", "{DCC2EA09-F7E1-404A-B3F2-36A6599C09A5}"
EndProject
Global
	GlobalSection(SolutionConfigurationPlatforms) = preSolution
		Debug|Any CPU = Debug|Any CPU
		Release|Any CPU = Release|Any CPU
	EndGlobalSection
	GlobalSection(ProjectConfigurationPlatforms) = postSolution
		{DCC2EA09-F7E1-404A-B3F2-36A6599C09A5}.Debug|Any CPU.ActiveCfg = Debug|Any CPU
		{DCC2EA09-F7E1-404A-B3F2-36A6599C09A5}.Debug|Any CPU.Build.0 = Debug|Any CPU
		{DCC2EA09-F7E1-404A-B3F2-36A6599C09A5}.Release|Any CPU.ActiveCfg = Release|Any CPU
		{DCC2EA09-F7E1-404A-B3F2-36A6599C09A5}.Release|Any CPU.Build.0 = Release|Any CPU
	EndGlobalSection
	GlobalSection(SolutionProperties) = preSolution
		HideSolutionNode = FALSE
	EndGlobalSection
	GlobalSection(ExtensibilityGlobals) = postSolution
		SolutionGuid = {D23F0294-8024-49ED-94C9-41EFBD3B79F4}
	EndGlobalSection
EndGlobal
